
Microsoft Visual Studio Solution File, Format Version 12.00
# Visual Studio Version 17
Project("{2150E333-8FDC-42A3-9474-1A3956D46DE8}") = "CMakePredefinedTargets", "CMakePredefinedTargets", "{BF9FA4C2-EACE-33C4-A3AC-B1BD5B7B93FB}"
EndProject
Project("{8BC9CEB8-8B4A-11D0-8D11-00A0C91BC942}") = "CSC8503", "CSC8503\CSC8503.vcxproj", "{B2BCCAA7-BDD1-3357-9927-AACF8B973DD0}"
	ProjectSection(ProjectDependencies) = postProject
		{1FECD171-07C4-3308-9AF8-1231A36C821B} = {1FECD171-07C4-3308-9AF8-1231A36C821B}
		{503A30EB-D0D3-3F27-9F21-CEBF38783A56} = {503A30EB-D0D3-3F27-9F21-CEBF38783A56}
		{03048825-99C2-362E-B3EC-8C2205BADCAB} = {03048825-99C2-362E-B3EC-8C2205BADCAB}
		{B9B03EF3-1C4F-3D7A-B5E9-3D377AB20DF1} = {B9B03EF3-1C4F-3D7A-B5E9-3D377AB20DF1}
	EndProjectSection
EndProject
Project("{8BC9CEB8-8B4A-11D0-8D11-00A0C91BC942}") = "ALL_BUILD", "ALL_BUILD.vcxproj", "{44677524-025B-3D32-83CF-5B621F85A9D1}"
	ProjectSection(ProjectDependencies) = postProject
		{B2BCCAA7-BDD1-3357-9927-AACF8B973DD0} = {B2BCCAA7-BDD1-3357-9927-AACF8B973DD0}
		{1FECD171-07C4-3308-9AF8-1231A36C821B} = {1FECD171-07C4-3308-9AF8-1231A36C821B}
		{503A30EB-D0D3-3F27-9F21-CEBF38783A56} = {503A30EB-D0D3-3F27-9F21-CEBF38783A56}
		{03048825-99C2-362E-B3EC-8C2205BADCAB} = {03048825-99C2-362E-B3EC-8C2205BADCAB}
		{B9B03EF3-1C4F-3D7A-B5E9-3D377AB20DF1} = {B9B03EF3-1C4F-3D7A-B5E9-3D377AB20DF1}
	EndProjectSection
EndProject
Project("{8BC9CEB8-8B4A-11D0-8D11-00A0C91BC942}") = "CSC8503CoreClasses", "CSC8503CoreClasses\CSC8503CoreClasses.vcxproj", "{1FECD171-07C4-3308-9AF8-1231A36C821B}"
	ProjectSection(ProjectDependencies) = postProject
		{B9B03EF3-1C4F-3D7A-B5E9-3D377AB20DF1} = {B9B03EF3-1C4F-3D7A-B5E9-3D377AB20DF1}
	EndProjectSection
EndProject
Project("{8BC9CEB8-8B4A-11D0-8D11-00A0C91BC942}") = "NCLCoreClasses", "NCLCoreClasses\NCLCoreClasses.vcxproj", "{503A30EB-D0D3-3F27-9F21-CEBF38783A56}"
	ProjectSection(ProjectDependencies) = postProject
		{B9B03EF3-1C4F-3D7A-B5E9-3D377AB20DF1} = {B9B03EF3-1C4F-3D7A-B5E9-3D377AB20DF1}
	EndProjectSection
EndProject
Project("{8BC9CEB8-8B4A-11D0-8D11-00A0C91BC942}") = "OpenGLRendering", "OpenGLRendering\OpenGLRendering.vcxproj", "{03048825-99C2-362E-B3EC-8C2205BADCAB}"
	ProjectSection(ProjectDependencies) = postProject
		{503A30EB-D0D3-3F27-9F21-CEBF38783A56} = {503A30EB-D0D3-3F27-9F21-CEBF38783A56}
		{B9B03EF3-1C4F-3D7A-B5E9-3D377AB20DF1} = {B9B03EF3-1C4F-3D7A-B5E9-3D377AB20DF1}
	EndProjectSection
EndProject
Project("{8BC9CEB8-8B4A-11D0-8D11-00A0C91BC942}") = "ZERO_CHECK", "ZERO_CHECK.vcxproj", "{B9B03EF3-1C4F-3D7A-B5E9-3D377AB20DF1}"
	ProjectSection(ProjectDependencies) = postProject
	EndProjectSection
EndProject
Global
	GlobalSection(SolutionConfigurationPlatforms) = preSolution
		Debug|x64 = Debug|x64
		Release|x64 = Release|x64
	EndGlobalSection
	GlobalSection(ProjectConfigurationPlatforms) = postSolution
		{B2BCCAA7-BDD1-3357-9927-AACF8B973DD0}.Debug|x64.ActiveCfg = Debug|x64
		{B2BCCAA7-BDD1-3357-9927-AACF8B973DD0}.Debug|x64.Build.0 = Debug|x64
		{B2BCCAA7-BDD1-3357-9927-AACF8B973DD0}.Release|x64.ActiveCfg = Release|x64
		{B2BCCAA7-BDD1-3357-9927-AACF8B973DD0}.Release|x64.Build.0 = Release|x64
		{44677524-025B-3D32-83CF-5B621F85A9D1}.Debug|x64.ActiveCfg = Debug|x64
		{44677524-025B-3D32-83CF-5B621F85A9D1}.Release|x64.ActiveCfg = Release|x64
		{1FECD171-07C4-3308-9AF8-1231A36C821B}.Debug|x64.ActiveCfg = Debug|x64
		{1FECD171-07C4-3308-9AF8-1231A36C821B}.Debug|x64.Build.0 = Debug|x64
		{1FECD171-07C4-3308-9AF8-1231A36C821B}.Release|x64.ActiveCfg = Release|x64
		{1FECD171-07C4-3308-9AF8-1231A36C821B}.Release|x64.Build.0 = Release|x64
		{503A30EB-D0D3-3F27-9F21-CEBF38783A56}.Debug|x64.ActiveCfg = Debug|x64
		{503A30EB-D0D3-3F27-9F21-CEBF38783A56}.Debug|x64.Build.0 = Debug|x64
		{503A30EB-D0D3-3F27-9F21-CEBF38783A56}.Release|x64.ActiveCfg = Release|x64
		{503A30EB-D0D3-3F27-9F21-CEBF38783A56}.Release|x64.Build.0 = Release|x64
		{03048825-99C2-362E-B3EC-8C2205BADCAB}.Debug|x64.ActiveCfg = Debug|x64
		{03048825-99C2-362E-B3EC-8C2205BADCAB}.Debug|x64.Build.0 = Debug|x64
		{03048825-99C2-362E-B3EC-8C2205BADCAB}.Release|x64.ActiveCfg = Release|x64
		{03048825-99C2-362E-B3EC-8C2205BADCAB}.Release|x64.Build.0 = Release|x64
		{B9B03EF3-1C4F-3D7A-B5E9-3D377AB20DF1}.Debug|x64.ActiveCfg = Debug|x64
		{B9B03EF3-1C4F-3D7A-B5E9-3D377AB20DF1}.Debug|x64.Build.0 = Debug|x64
		{B9B03EF3-1C4F-3D7A-B5E9-3D377AB20DF1}.Release|x64.ActiveCfg = Release|x64
		{B9B03EF3-1C4F-3D7A-B5E9-3D377AB20DF1}.Release|x64.Build.0 = Release|x64
	EndGlobalSection
	GlobalSection(NestedProjects) = preSolution
		{44677524-025B-3D32-83CF-5B621F85A9D1} = {BF9FA4C2-EACE-33C4-A3AC-B1BD5B7B93FB}
		{B9B03EF3-1C4F-3D7A-B5E9-3D377AB20DF1} = {BF9FA4C2-EACE-33C4-A3AC-B1BD5B7B93FB}
	EndGlobalSection
	GlobalSection(ExtensibilityGlobals) = postSolution
		SolutionGuid = {E5F92D52-1ABE-37ED-B476-1E1D76E0FF70}
	EndGlobalSection
	GlobalSection(ExtensibilityAddIns) = postSolution
	EndGlobalSection
EndGlobal
