<?xml version="1.0" encoding="utf-8"?>
<Project ToolsVersion="17.0" xmlns="http://schemas.microsoft.com/developer/msbuild/2003">
  <ItemGroup>
    <ClCompile Include="C:\Users\mlhum\source\repos\CSC8503-NetworkCodebase\CSC8503 Code 2024\CSC8503\CMakeFiles\CSC8503.dir\cmake_pch.cxx">
      <Filter>Source Files</Filter>
    </ClCompile>
    <ClCompile Include="C:\Users\mlhum\source\repos\CSC8503-NetworkCodebase\CSC8503 Code 2024\CSC8503\GameTechRenderer.cpp">
      <Filter>Source Files</Filter>
    </ClCompile>
    <ClCompile Include="C:\Users\mlhum\source\repos\CSC8503-NetworkCodebase\CSC8503 Code 2024\CSC8503\Main.cpp">
      <Filter>Source Files</Filter>
    </ClCompile>
    <ClCompile Include="C:\Users\mlhum\source\repos\CSC8503-NetworkCodebase\CSC8503 Code 2024\CSC8503\NetworkPlayer.cpp">
      <Filter>Source Files</Filter>
    </ClCompile>
    <ClCompile Include="C:\Users\mlhum\source\repos\CSC8503-NetworkCodebase\CSC8503 Code 2024\CSC8503\NetworkedGame.cpp">
      <Filter>Source Files</Filter>
    </ClCompile>
    <ClCompile Include="C:\Users\mlhum\source\repos\CSC8503-NetworkCodebase\CSC8503 Code 2024\CSC8503\StateGameObject.cpp">
      <Filter>Source Files</Filter>
    </ClCompile>
    <ClCompile Include="C:\Users\mlhum\source\repos\CSC8503-NetworkCodebase\CSC8503 Code 2024\CSC8503\TutorialGame.cpp">
      <Filter>Source Files</Filter>
    </ClCompile>
  </ItemGroup>
  <ItemGroup>
    <ClInclude Include="C:\Users\mlhum\source\repos\CSC8503-NetworkCodebase\CSC8503 Code 2024\CSC8503\GameTechRenderer.h">
      <Filter>Header Files</Filter>
    </ClInclude>
    <ClInclude Include="C:\Users\mlhum\source\repos\CSC8503-NetworkCodebase\CSC8503 Code 2024\CSC8503\NetworkPlayer.h">
      <Filter>Header Files</Filter>
    </ClInclude>
    <ClInclude Include="C:\Users\mlhum\source\repos\CSC8503-NetworkCodebase\CSC8503 Code 2024\CSC8503\NetworkedGame.h">
      <Filter>Header Files</Filter>
    </ClInclude>
    <ClInclude Include="C:\Users\mlhum\source\repos\CSC8503-NetworkCodebase\CSC8503 Code 2024\CSC8503\StateGameObject.h">
      <Filter>Header Files</Filter>
    </ClInclude>
    <ClInclude Include="C:\Users\mlhum\source\repos\CSC8503-NetworkCodebase\CSC8503 Code 2024\CSC8503\TutorialGame.h">
      <Filter>Header Files</Filter>
    </ClInclude>
    <ClInclude Include="C:\Users\mlhum\source\repos\CSC8503-NetworkCodebase\CSC8503 Code 2024\CSC8503\CMakeFiles\CSC8503.dir\Debug\cmake_pch.hxx">
      <Filter>Precompile Header File</Filter>
    </ClInclude>
    <ClInclude Include="C:\Users\mlhum\source\repos\CSC8503-NetworkCodebase\CSC8503 Code 2024\CSC8503\CMakeFiles\CSC8503.dir\Release\cmake_pch.hxx">
      <Filter>Precompile Header File</Filter>
    </ClInclude>
  </ItemGroup>
  <ItemGroup>
    <CustomBuild Include="C:\Users\mlhum\source\repos\CSC8503-NetworkCodebase\CSC8503 Code 2024\CSC8503\CMakeLists.txt" />
  </ItemGroup>
  <ItemGroup>
    <Filter Include="Header Files">
      <UniqueIdentifier>{1D68A8BD-15B1-3AC4-BC17-9EF546DB85F4}</UniqueIdentifier>
    </Filter>
    <Filter Include="Precompile Header File">
      <UniqueIdentifier>{1C3185D7-2B79-332E-A6A7-25BC49A48C00}</UniqueIdentifier>
    </Filter>
    <Filter Include="Source Files">
      <UniqueIdentifier>{FB435D02-F2A0-308D-B9E1-609E72BA0936}</UniqueIdentifier>
    </Filter>
  </ItemGroup>
</Project>
